<Solution>
  <Folder Name="/src/">
    <Project Path="src/AgentRuntime.Api/AgentRuntime.Api.csproj" />
    <Project Path="src/AgentRuntime.Infrastructure/AgentRuntime.Infrastructure.csproj" />
    <Project Path="src/AgentRuntime.IntegrationTests/AgentRuntime.IntegrationTests.csproj" />
    <Project Path="src/AgentRuntime.Tests/AgentRuntime.Tests.csproj" />
    <Project Path="src/AgentRuntime/AgentRuntime.csproj" />
  </Folder>
</Solution>
